
Microsoft Visual Studio Solution File, Format Version 12.00
# Visual Studio Version 17
VisualStudioVersion = 17.2.32602.215
MinimumVisualStudioVersion = 10.0.40219.1
Project("{9A19103F-16F7-4668-BE54-9A1E7A4F7556}") = "API", "API\API.csproj", "{DD6A21EF-C8FA-4383-A8D6-49827A181C37}"
EndProject
Project("{9A19103F-16F7-4668-BE54-9A1E7A4F7556}") = "Common", "Common\Common.csproj", "{5E3A49EA-7DC4-4EE3-A7A6-D5583042C76B}"
EndProject
Global
	GlobalSection(SolutionConfigurationPlatforms) = preSolution
		Debug|Any CPU = Debug|Any CPU
		Release|Any CPU = Release|Any CPU
	EndGlobalSection
	GlobalSection(ProjectConfigurationPlatforms) = postSolution
		{DD6A21EF-C8FA-4383-A8D6-49827A181C37}.Debug|Any CPU.ActiveCfg = Debug|Any CPU
		{DD6A21EF-C8FA-4383-A8D6-49827A181C37}.Debug|Any CPU.Build.0 = Debug|Any CPU
		{DD6A21EF-C8FA-4383-A8D6-49827A181C37}.Release|Any CPU.ActiveCfg = Release|Any CPU
		{DD6A21EF-C8FA-4383-A8D6-49827A181C37}.Release|Any CPU.Build.0 = Release|Any CPU
		{5E3A49EA-7DC4-4EE3-A7A6-D5583042C76B}.Debug|Any CPU.ActiveCfg = Debug|Any CPU
		{5E3A49EA-7DC4-4EE3-A7A6-D5583042C76B}.Debug|Any CPU.Build.0 = Debug|Any CPU
		{5E3A49EA-7DC4-4EE3-A7A6-D5583042C76B}.Release|Any CPU.ActiveCfg = Release|Any CPU
		{5E3A49EA-7DC4-4EE3-A7A6-D5583042C76B}.Release|Any CPU.Build.0 = Release|Any CPU
	EndGlobalSection
	GlobalSection(SolutionProperties) = preSolution
		HideSolutionNode = FALSE
	EndGlobalSection
	GlobalSection(ExtensibilityGlobals) = postSolution
		SolutionGuid = {A7FA32F6-FDD6-4965-9E26-EE8C58259C64}
	EndGlobalSection
EndGlobal
